// !$*UTF8*$!
{
	archiveVersion = 1;
	classes = {
	};
	objectVersion = 55;
	objects = {

/* Begin PBXBuildFile section */
		E32F233927E7474F00A4F71B /* Quapital_iOS_AssessmentApp.swift in Sources */ = {isa = PBXBuildFile; fileRef = E32F233827E7474F00A4F71B /* Quapital_iOS_AssessmentApp.swift */; };
		E32F233B27E7474F00A4F71B /* ContentView.swift in Sources */ = {isa = PBXBuildFile; fileRef = E32F233A27E7474F00A4F71B /* ContentView.swift */; };
		E32F233D27E7475000A4F71B /* Assets.xcassets in Resources */ = {isa = PBXBuildFile; fileRef = E32F233C27E7475000A4F71B /* Assets.xcassets */; };
		E32F234027E7475000A4F71B /* Preview Assets.xcassets in Resources */ = {isa = PBXBuildFile; fileRef = E32F233F27E7475000A4F71B /* Preview Assets.xcassets */; };
		E32F234C27E765D100A4F71B /* Response.swift in Sources */ = {isa = PBXBuildFile; fileRef = E32F234B27E765D100A4F71B /* Response.swift */; };
		E32F234E27E7672300A4F71B /* Activities.swift in Sources */ = {isa = PBXBuildFile; fileRef = E32F234D27E7672300A4F71B /* Activities.swift */; };
		E32F235027E7674100A4F71B /* User.swift in Sources */ = {isa = PBXBuildFile; fileRef = E32F234F27E7674100A4F71B /* User.swift */; };
		E32F235227E7696700A4F71B /* NetworkManager.swift in Sources */ = {isa = PBXBuildFile; fileRef = E32F235127E7696700A4F71B /* NetworkManager.swift */; };
		E32F235A27E79C9300A4F71B /* ActivityFeedViewModel.swift in Sources */ = {isa = PBXBuildFile; fileRef = E32F235927E79C9300A4F71B /* ActivityFeedViewModel.swift */; };
/* End PBXBuildFile section */

/* Begin PBXFileReference section */
		E32F233527E7474F00A4F71B /* Quapital iOS Assessment.app */ = {isa = PBXFileReference; explicitFileType = wrapper.application; includeInIndex = 0; path = "Quapital iOS Assessment.app"; sourceTree = BUILT_PRODUCTS_DIR; };
		E32F233827E7474F00A4F71B /* Quapital_iOS_AssessmentApp.swift */ = {isa = PBXFileReference; lastKnownFileType = sourcecode.swift; path = Quapital_iOS_AssessmentApp.swift; sourceTree = "<group>"; };
		E32F233A27E7474F00A4F71B /* ContentView.swift */ = {isa = PBXFileReference; lastKnownFileType = sourcecode.swift; path = ContentView.swift; sourceTree = "<group>"; };
		E32F233C27E7475000A4F71B /* Assets.xcassets */ = {isa = PBXFileReference; lastKnownFileType = folder.assetcatalog; path = Assets.xcassets; sourceTree = "<group>"; };
		E32F233F27E7475000A4F71B /* Preview Assets.xcassets */ = {isa = PBXFileReference; lastKnownFileType = folder.assetcatalog; path = "Preview Assets.xcassets"; sourceTree = "<group>"; };
		E32F234B27E765D100A4F71B /* Response.swift */ = {isa = PBXFileReference; lastKnownFileType = sourcecode.swift; path = Response.swift; sourceTree = "<group>"; };
		E32F234D27E7672300A4F71B /* Activities.swift */ = {isa = PBXFileReference; lastKnownFileType = sourcecode.swift; path = Activities.swift; sourceTree = "<group>"; };
		E32F234F27E7674100A4F71B /* User.swift */ = {isa = PBXFileReference; lastKnownFileType = sourcecode.swift; path = User.swift; sourceTree = "<group>"; };
		E32F235127E7696700A4F71B /* NetworkManager.swift */ = {isa = PBXFileReference; lastKnownFileType = sourcecode.swift; path = NetworkManager.swift; sourceTree = "<group>"; };
		E32F235927E79C9300A4F71B /* ActivityFeedViewModel.swift */ = {isa = PBXFileReference; lastKnownFileType = sourcecode.swift; path = ActivityFeedViewModel.swift; sourceTree = "<group>"; };
/* End PBXFileReference section */

/* Begin PBXFrameworksBuildPhase section */
		E32F233227E7474F00A4F71B /* Frameworks */ = {
			isa = PBXFrameworksBuildPhase;
			buildActionMask = 2147483647;
			files = (
			);
			runOnlyForDeploymentPostprocessing = 0;
		};
/* End PBXFrameworksBuildPhase section */

/* Begin PBXGroup section */
		E32F232C27E7474F00A4F71B = {
			isa = PBXGroup;
			children = (
				E32F233727E7474F00A4F71B /* Quapital iOS Assessment */,
				E32F233627E7474F00A4F71B /* Products */,
			);
			sourceTree = "<group>";
		};
		E32F233627E7474F00A4F71B /* Products */ = {
			isa = PBXGroup;
			children = (
				E32F233527E7474F00A4F71B /* Quapital iOS Assessment.app */,
			);
			name = Products;
			sourceTree = "<group>";
		};
		E32F233727E7474F00A4F71B /* Quapital iOS Assessment */ = {
			isa = PBXGroup;
			children = (
				E32F234A27E748A200A4F71B /* Model */,
				E32F234927E7489800A4F71B /* View */,
				E32F234827E7489300A4F71B /* ViewModel */,
				E32F234727E747F500A4F71B /* App */,
				E32F234627E747D500A4F71B /* Manager */,
				E32F233C27E7475000A4F71B /* Assets.xcassets */,
				E32F233E27E7475000A4F71B /* Preview Content */,
			);
			path = "Quapital iOS Assessment";
			sourceTree = "<group>";
		};
		E32F233E27E7475000A4F71B /* Preview Content */ = {
			isa = PBXGroup;
			children = (
				E32F233F27E7475000A4F71B /* Preview Assets.xcassets */,
			);
			path = "Preview Content";
			sourceTree = "<group>";
		};
		E32F234627E747D500A4F71B /* Manager */ = {
			isa = PBXGroup;
			children = (
				E32F235127E7696700A4F71B /* NetworkManager.swift */,
			);
			path = Manager;
			sourceTree = "<group>";
		};
		E32F234727E747F500A4F71B /* App */ = {
			isa = PBXGroup;
			children = (
				E32F233827E7474F00A4F71B /* Quapital_iOS_AssessmentApp.swift */,
				E32F233A27E7474F00A4F71B /* ContentView.swift */,
			);
			path = App;
			sourceTree = "<group>";
		};
		E32F234827E7489300A4F71B /* ViewModel */ = {
			isa = PBXGroup;
			children = (
				E32F235927E79C9300A4F71B /* ActivityFeedViewModel.swift */,
			);
			path = ViewModel;
			sourceTree = "<group>";
		};
		E32F234927E7489800A4F71B /* View */ = {
			isa = PBXGroup;
			children = (
			);
			path = View;
			sourceTree = "<group>";
		};
		E32F234A27E748A200A4F71B /* Model */ = {
			isa = PBXGroup;
			children = (
				E32F234B27E765D100A4F71B /* Response.swift */,
				E32F234D27E7672300A4F71B /* Activities.swift */,
				E32F234F27E7674100A4F71B /* User.swift */,
			);
			path = Model;
			sourceTree = "<group>";
		};
/* End PBXGroup section */

/* Begin PBXNativeTarget section */
		E32F233427E7474F00A4F71B /* Quapital iOS Assessment */ = {
			isa = PBXNativeTarget;
			buildConfigurationList = E32F234327E7475000A4F71B /* Build configuration list for PBXNativeTarget "Quapital iOS Assessment" */;
			buildPhases = (
				E32F233127E7474F00A4F71B /* Sources */,
				E32F233227E7474F00A4F71B /* Frameworks */,
				E32F233327E7474F00A4F71B /* Resources */,
			);
			buildRules = (
			);
			dependencies = (
			);
			name = "Quapital iOS Assessment";
			productName = "Quapital iOS Assessment";
			productReference = E32F233527E7474F00A4F71B /* Quapital iOS Assessment.app */;
			productType = "com.apple.product-type.application";
		};
/* End PBXNativeTarget section */

/* Begin PBXProject section */
		E32F232D27E7474F00A4F71B /* Project object */ = {
			isa = PBXProject;
			attributes = {
				BuildIndependentTargetsInParallel = 1;
				LastSwiftUpdateCheck = 1330;
				LastUpgradeCheck = 1330;
				TargetAttributes = {
					E32F233427E7474F00A4F71B = {
						CreatedOnToolsVersion = 13.3;
					};
				};
			};
			buildConfigurationList = E32F233027E7474F00A4F71B /* Build configuration list for PBXProject "Quapital iOS Assessment" */;
			compatibilityVersion = "Xcode 13.0";
			developmentRegion = en;
			hasScannedForEncodings = 0;
			knownRegions = (
				en,
				Base,
			);
			mainGroup = E32F232C27E7474F00A4F71B;
			productRefGroup = E32F233627E7474F00A4F71B /* Products */;
			projectDirPath = "";
			projectRoot = "";
			targets = (
				E32F233427E7474F00A4F71B /* Quapital iOS Assessment */,
			);
		};
/* End PBXProject section */

/* Begin PBXResourcesBuildPhase section */
		E32F233327E7474F00A4F71B /* Resources */ = {
			isa = PBXResourcesBuildPhase;
			buildActionMask = 2147483647;
			files = (
				E32F234027E7475000A4F71B /* Preview Assets.xcassets in Resources */,
				E32F233D27E7475000A4F71B /* Assets.xcassets in Resources */,
			);
			runOnlyForDeploymentPostprocessing = 0;
		};
/* End PBXResourcesBuildPhase section */

/* Begin PBXSourcesBuildPhase section */
		E32F233127E7474F00A4F71B /* Sources */ = {
			isa = PBXSourcesBuildPhase;
			buildActionMask = 2147483647;
			files = (
				E32F235227E7696700A4F71B /* NetworkManager.swift in Sources */,
				E32F234E27E7672300A4F71B /* Activities.swift in Sources */,
				E32F233B27E7474F00A4F71B /* ContentView.swift in Sources */,
				E32F234C27E765D100A4F71B /* Response.swift in Sources */,
				E32F235A27E79C9300A4F71B /* ActivityFeedViewModel.swift in Sources */,
				E32F235027E7674100A4F71B /* User.swift in Sources */,
				E32F233927E7474F00A4F71B /* Quapital_iOS_AssessmentApp.swift in Sources */,
			);
			runOnlyForDeploymentPostprocessing = 0;
		};
/* End PBXSourcesBuildPhase section */

/* Begin XCBuildConfiguration section */
		E32F234127E7475000A4F71B /* Debug */ = {
			isa = XCBuildConfiguration;
			buildSettings = {
				ALWAYS_SEARCH_USER_PATHS = NO;
				CLANG_ANALYZER_NONNULL = YES;
				CLANG_ANALYZER_NUMBER_OBJECT_CONVERSION = YES_AGGRESSIVE;
				CLANG_CXX_LANGUAGE_STANDARD = "gnu++17";
				CLANG_ENABLE_MODULES = YES;
				CLANG_ENABLE_OBJC_ARC = YES;
				CLANG_ENABLE_OBJC_WEAK = YES;
				CLANG_WARN_BLOCK_CAPTURE_AUTORELEASING = YES;
				CLANG_WARN_BOOL_CONVERSION = YES;
				CLANG_WARN_COMMA = YES;
				CLANG_WARN_CONSTANT_CONVERSION = YES;
				CLANG_WARN_DEPRECATED_OBJC_IMPLEMENTATIONS = YES;
				CLANG_WARN_DIRECT_OBJC_ISA_USAGE = YES_ERROR;
				CLANG_WARN_DOCUMENTATION_COMMENTS = YES;
				CLANG_WARN_EMPTY_BODY = YES;
				CLANG_WARN_ENUM_CONVERSION = YES;
				CLANG_WARN_INFINITE_RECURSION = YES;
				CLANG_WARN_INT_CONVERSION = YES;
				CLANG_WARN_NON_LITERAL_NULL_CONVERSION = YES;
				CLANG_WARN_OBJC_IMPLICIT_RETAIN_SELF = YES;
				CLANG_WARN_OBJC_LITERAL_CONVERSION = YES;
				CLANG_WARN_OBJC_ROOT_CLASS = YES_ERROR;
				CLANG_WARN_QUOTED_INCLUDE_IN_FRAMEWORK_HEADER = YES;
				CLANG_WARN_RANGE_LOOP_ANALYSIS = YES;
				CLANG_WARN_STRICT_PROTOTYPES = YES;
				CLANG_WARN_SUSPICIOUS_MOVE = YES;
				CLANG_WARN_UNGUARDED_AVAILABILITY = YES_AGGRESSIVE;
				CLANG_WARN_UNREACHABLE_CODE = YES;
				CLANG_WARN__DUPLICATE_METHOD_MATCH = YES;
				COPY_PHASE_STRIP = NO;
				DEBUG_INFORMATION_FORMAT = dwarf;
				ENABLE_STRICT_OBJC_MSGSEND = YES;
				ENABLE_TESTABILITY = YES;
				GCC_C_LANGUAGE_STANDARD = gnu11;
				GCC_DYNAMIC_NO_PIC = NO;
				GCC_NO_COMMON_BLOCKS = YES;
				GCC_OPTIMIZATION_LEVEL = 0;
				GCC_PREPROCESSOR_DEFINITIONS = (
					"DEBUG=1",
					"$(inherited)",
				);
				GCC_WARN_64_TO_32_BIT_CONVERSION = YES;
				GCC_WARN_ABOUT_RETURN_TYPE = YES_ERROR;
				GCC_WARN_UNDECLARED_SELECTOR = YES;
				GCC_WARN_UNINITIALIZED_AUTOS = YES_AGGRESSIVE;
				GCC_WARN_UNUSED_FUNCTION = YES;
				GCC_WARN_UNUSED_VARIABLE = YES;
				IPHONEOS_DEPLOYMENT_TARGET = 15.4;
				MTL_ENABLE_DEBUG_INFO = INCLUDE_SOURCE;
				MTL_FAST_MATH = YES;
				ONLY_ACTIVE_ARCH = YES;
				SDKROOT = iphoneos;
				SWIFT_ACTIVE_COMPILATION_CONDITIONS = DEBUG;
				SWIFT_OPTIMIZATION_LEVEL = "-Onone";
			};
			name = Debug;
		};
		E32F234227E7475000A4F71B /* Release */ = {
			isa = XCBuildConfiguration;
			buildSettings = {
				ALWAYS_SEARCH_USER_PATHS = NO;
				CLANG_ANALYZER_NONNULL = YES;
				CLANG_ANALYZER_NUMBER_OBJECT_CONVERSION = YES_AGGRESSIVE;
				CLANG_CXX_LANGUAGE_STANDARD = "gnu++17";
				CLANG_ENABLE_MODULES = YES;
				CLANG_ENABLE_OBJC_ARC = YES;
				CLANG_ENABLE_OBJC_WEAK = YES;
				CLANG_WARN_BLOCK_CAPTURE_AUTORELEASING = YES;
				CLANG_WARN_BOOL_CONVERSION = YES;
				CLANG_WARN_COMMA = YES;
				CLANG_WARN_CONSTANT_CONVERSION = YES;
				CLANG_WARN_DEPRECATED_OBJC_IMPLEMENTATIONS = YES;
				CLANG_WARN_DIRECT_OBJC_ISA_USAGE = YES_ERROR;
				CLANG_WARN_DOCUMENTATION_COMMENTS = YES;
				CLANG_WARN_EMPTY_BODY = YES;
				CLANG_WARN_ENUM_CONVERSION = YES;
				CLANG_WARN_INFINITE_RECURSION = YES;
				CLANG_WARN_INT_CONVERSION = YES;
				CLANG_WARN_NON_LITERAL_NULL_CONVERSION = YES;
				CLANG_WARN_OBJC_IMPLICIT_RETAIN_SELF = YES;
				CLANG_WARN_OBJC_LITERAL_CONVERSION = YES;
				CLANG_WARN_OBJC_ROOT_CLASS = YES_ERROR;
				CLANG_WARN_QUOTED_INCLUDE_IN_FRAMEWORK_HEADER = YES;
				CLANG_WARN_RANGE_LOOP_ANALYSIS = YES;
				CLANG_WARN_STRICT_PROTOTYPES = YES;
				CLANG_WARN_SUSPICIOUS_MOVE = YES;
				CLANG_WARN_UNGUARDED_AVAILABILITY = YES_AGGRESSIVE;
				CLANG_WARN_UNREACHABLE_CODE = YES;
				CLANG_WARN__DUPLICATE_METHOD_MATCH = YES;
				COPY_PHASE_STRIP = NO;
				DEBUG_INFORMATION_FORMAT = "dwarf-with-dsym";
				ENABLE_NS_ASSERTIONS = NO;
				ENABLE_STRICT_OBJC_MSGSEND = YES;
				GCC_C_LANGUAGE_STANDARD = gnu11;
				GCC_NO_COMMON_BLOCKS = YES;
				GCC_WARN_64_TO_32_BIT_CONVERSION = YES;
				GCC_WARN_ABOUT_RETURN_TYPE = YES_ERROR;
				GCC_WARN_UNDECLARED_SELECTOR = YES;
				GCC_WARN_UNINITIALIZED_AUTOS = YES_AGGRESSIVE;
				GCC_WARN_UNUSED_FUNCTION = YES;
				GCC_WARN_UNUSED_VARIABLE = YES;
				IPHONEOS_DEPLOYMENT_TARGET = 15.4;
				MTL_ENABLE_DEBUG_INFO = NO;
				MTL_FAST_MATH = YES;
				SDKROOT = iphoneos;
				SWIFT_COMPILATION_MODE = wholemodule;
				SWIFT_OPTIMIZATION_LEVEL = "-O";
				VALIDATE_PRODUCT = YES;
			};
			name = Release;
		};
		E32F234427E7475000A4F71B /* Debug */ = {
			isa = XCBuildConfiguration;
			buildSettings = {
				ASSETCATALOG_COMPILER_APPICON_NAME = AppIcon;
				ASSETCATALOG_COMPILER_GLOBAL_ACCENT_COLOR_NAME = AccentColor;
				CODE_SIGN_STYLE = Automatic;
				CURRENT_PROJECT_VERSION = 1;
				DEVELOPMENT_ASSET_PATHS = "\"Quapital iOS Assessment/Preview Content\"";
				DEVELOPMENT_TEAM = VAC49TM43D;
				ENABLE_PREVIEWS = YES;
				GENERATE_INFOPLIST_FILE = YES;
				INFOPLIST_KEY_UIApplicationSceneManifest_Generation = YES;
				INFOPLIST_KEY_UIApplicationSupportsIndirectInputEvents = YES;
				INFOPLIST_KEY_UILaunchScreen_Generation = YES;
				INFOPLIST_KEY_UISupportedInterfaceOrientations_iPad = "UIInterfaceOrientationPortrait UIInterfaceOrientationPortraitUpsideDown UIInterfaceOrientationLandscapeLeft UIInterfaceOrientationLandscapeRight";
				INFOPLIST_KEY_UISupportedInterfaceOrientations_iPhone = "UIInterfaceOrientationPortrait UIInterfaceOrientationLandscapeLeft UIInterfaceOrientationLandscapeRight";
				LD_RUNPATH_SEARCH_PATHS = (
					"$(inherited)",
					"@executable_path/Frameworks",
				);
				MARKETING_VERSION = 1.0;
				PRODUCT_BUNDLE_IDENTIFIER = "com.JoeVargas.Quapital-iOS-Assessment";
				PRODUCT_NAME = "$(TARGET_NAME)";
				SWIFT_EMIT_LOC_STRINGS = YES;
				SWIFT_VERSION = 5.0;
				TARGETED_DEVICE_FAMILY = "1,2";
			};
			name = Debug;
		};
		E32F234527E7475000A4F71B /* Release */ = {
			isa = XCBuildConfiguration;
			buildSettings = {
				ASSETCATALOG_COMPILER_APPICON_NAME = AppIcon;
				ASSETCATALOG_COMPILER_GLOBAL_ACCENT_COLOR_NAME = AccentColor;
				CODE_SIGN_STYLE = Automatic;
				CURRENT_PROJECT_VERSION = 1;
				DEVELOPMENT_ASSET_PATHS = "\"Quapital iOS Assessment/Preview Content\"";
				DEVELOPMENT_TEAM = VAC49TM43D;
				ENABLE_PREVIEWS = YES;
				GENERATE_INFOPLIST_FILE = YES;
				INFOPLIST_KEY_UIApplicationSceneManifest_Generation = YES;
				INFOPLIST_KEY_UIApplicationSupportsIndirectInputEvents = YES;
				INFOPLIST_KEY_UILaunchScreen_Generation = YES;
				INFOPLIST_KEY_UISupportedInterfaceOrientations_iPad = "UIInterfaceOrientationPortrait UIInterfaceOrientationPortraitUpsideDown UIInterfaceOrientationLandscapeLeft UIInterfaceOrientationLandscapeRight";
				INFOPLIST_KEY_UISupportedInterfaceOrientations_iPhone = "UIInterfaceOrientationPortrait UIInterfaceOrientationLandscapeLeft UIInterfaceOrientationLandscapeRight";
				LD_RUNPATH_SEARCH_PATHS = (
					"$(inherited)",
					"@executable_path/Frameworks",
				);
				MARKETING_VERSION = 1.0;
				PRODUCT_BUNDLE_IDENTIFIER = "com.JoeVargas.Quapital-iOS-Assessment";
				PRODUCT_NAME = "$(TARGET_NAME)";
				SWIFT_EMIT_LOC_STRINGS = YES;
				SWIFT_VERSION = 5.0;
				TARGETED_DEVICE_FAMILY = "1,2";
			};
			name = Release;
		};
/* End XCBuildConfiguration section */

/* Begin XCConfigurationList section */
		E32F233027E7474F00A4F71B /* Build configuration list for PBXProject "Quapital iOS Assessment" */ = {
			isa = XCConfigurationList;
			buildConfigurations = (
				E32F234127E7475000A4F71B /* Debug */,
				E32F234227E7475000A4F71B /* Release */,
			);
			defaultConfigurationIsVisible = 0;
			defaultConfigurationName = Release;
		};
		E32F234327E7475000A4F71B /* Build configuration list for PBXNativeTarget "Quapital iOS Assessment" */ = {
			isa = XCConfigurationList;
			buildConfigurations = (
				E32F234427E7475000A4F71B /* Debug */,
				E32F234527E7475000A4F71B /* Release */,
			);
			defaultConfigurationIsVisible = 0;
			defaultConfigurationName = Release;
		};
/* End XCConfigurationList section */
	};
	rootObject = E32F232D27E7474F00A4F71B /* Project object */;
}
